Microsoft Visual Studio Solution File, Format Version 11.00
# Visual Studio 2008

Project("{3E380544-5526-F79E-0355-2D8930076113}") = "CPE400_Project", "Assembly-CSharp.csproj", "{17A45FDD-45A4-15C5-04A2-2A8955B9114E}"
EndProject
Global
	GlobalSection(SolutionConfigurationPlatforms) = preSolution
		Debug|Any CPU = Debug|Any CPU
		Release|Any CPU = Release|Any CPU
	EndGlobalSection
	GlobalSection(ProjectConfigurationPlatforms) = postSolution
		{17A45FDD-45A4-15C5-04A2-2A8955B9114E}.Debug|Any CPU.ActiveCfg = Debug|Any CPU
		{17A45FDD-45A4-15C5-04A2-2A8955B9114E}.Debug|Any CPU.Build.0 = Debug|Any CPU
		{17A45FDD-45A4-15C5-04A2-2A8955B9114E}.Release|Any CPU.ActiveCfg = Release|Any CPU
		{17A45FDD-45A4-15C5-04A2-2A8955B9114E}.Release|Any CPU.Build.0 = Release|Any CPU
	EndGlobalSection
	GlobalSection(SolutionProperties) = preSolution
		HideSolutionNode = FALSE
	EndGlobalSection
	GlobalSection(MonoDevelopProperties) = preSolution
		StartupItem = Assembly-CSharp.csproj
	EndGlobalSection
EndGlobal
